
Microsoft Visual Studio Solution File, Format Version 12.00
# Visual Studio Version 16
VisualStudioVersion = 16.0.32228.343
MinimumVisualStudioVersion = 10.0.40219.1
Project("{8BC9CEB8-8B4A-11D0-8D11-00A0C91BC942}") = "lab1", "lab1\lab1.vcxproj", "{8FF415BD-1A35-4B16-AADC-9A4754B2E674}"
	ProjectSection(ProjectDependencies) = postProject
		{A80863B6-121A-4F78-A81D-D07E2A5BC957} = {A80863B6-121A-4F78-A81D-D07E2A5BC957}
	EndProjectSection
EndProject
Project("{8BC9CEB8-8B4A-11D0-8D11-00A0C91BC942}") = "UnitTest1", "UnitTest1\UnitTest1.vcxproj", "{A80863B6-121A-4F78-A81D-D07E2A5BC957}"
EndProject
Global
	GlobalSection(SolutionConfigurationPlatforms) = preSolution
		Debug|x64 = Debug|x64
		Debug|x86 = Debug|x86
		Release|x64 = Release|x64
		Release|x86 = Release|x86
	EndGlobalSection
	GlobalSection(ProjectConfigurationPlatforms) = postSolution
		{8FF415BD-1A35-4B16-AADC-9A4754B2E674}.Debug|x64.ActiveCfg = Debug|x64
		{8FF415BD-1A35-4B16-AADC-9A4754B2E674}.Debug|x64.Build.0 = Debug|x64
		{8FF415BD-1A35-4B16-AADC-9A4754B2E674}.Debug|x86.ActiveCfg = Debug|Win32
		{8FF415BD-1A35-4B16-AADC-9A4754B2E674}.Debug|x86.Build.0 = Debug|Win32
		{8FF415BD-1A35-4B16-AADC-9A4754B2E674}.Release|x64.ActiveCfg = Release|x64
		{8FF415BD-1A35-4B16-AADC-9A4754B2E674}.Release|x64.Build.0 = Release|x64
		{8FF415BD-1A35-4B16-AADC-9A4754B2E674}.Release|x86.ActiveCfg = Debug|Win32
		{8FF415BD-1A35-4B16-AADC-9A4754B2E674}.Release|x86.Build.0 = Debug|Win32
		{A80863B6-121A-4F78-A81D-D07E2A5BC957}.Debug|x64.ActiveCfg = Debug|x64
		{A80863B6-121A-4F78-A81D-D07E2A5BC957}.Debug|x64.Build.0 = Debug|x64
		{A80863B6-121A-4F78-A81D-D07E2A5BC957}.Debug|x86.ActiveCfg = Debug|Win32
		{A80863B6-121A-4F78-A81D-D07E2A5BC957}.Debug|x86.Build.0 = Debug|Win32
		{A80863B6-121A-4F78-A81D-D07E2A5BC957}.Release|x64.ActiveCfg = Release|x64
		{A80863B6-121A-4F78-A81D-D07E2A5BC957}.Release|x64.Build.0 = Release|x64
		{A80863B6-121A-4F78-A81D-D07E2A5BC957}.Release|x86.ActiveCfg = Debug|Win32
		{A80863B6-121A-4F78-A81D-D07E2A5BC957}.Release|x86.Build.0 = Debug|Win32
	EndGlobalSection
	GlobalSection(SolutionProperties) = preSolution
		HideSolutionNode = FALSE
	EndGlobalSection
	GlobalSection(ExtensibilityGlobals) = postSolution
		SolutionGuid = {DEFB0E06-E0FD-4975-98F5-9B1A80A513E6}
	EndGlobalSection
EndGlobal
